// !$*UTF8*$!
{
	archiveVersion = 1;
	classes = {
	};
	objectVersion = 46;
	objects = {

/* Begin PBXBuildFile section */
		0A39E4BF19BFBF7500AB9CE0 /* Foundation.framework in Frameworks */ = {isa = PBXBuildFile; fileRef = 0A39E4BE19BFBF7500AB9CE0 /* Foundation.framework */; };
		0A39E4C119BFBF7500AB9CE0 /* CoreGraphics.framework in Frameworks */ = {isa = PBXBuildFile; fileRef = 0A39E4C019BFBF7500AB9CE0 /* CoreGraphics.framework */; };
		0A39E4C319BFBF7500AB9CE0 /* UIKit.framework in Frameworks */ = {isa = PBXBuildFile; fileRef = 0A39E4C219BFBF7500AB9CE0 /* UIKit.framework */; };
		0A39E4C919BFBF7500AB9CE0 /* InfoPlist.strings in Resources */ = {isa = PBXBuildFile; fileRef = 0A39E4C719BFBF7500AB9CE0 /* InfoPlist.strings */; };
		0A39E4CB19BFBF7500AB9CE0 /* main.m in Sources */ = {isa = PBXBuildFile; fileRef = 0A39E4CA19BFBF7500AB9CE0 /* main.m */; };
		0A39E4CF19BFBF7500AB9CE0 /* SGAppDelegate.m in Sources */ = {isa = PBXBuildFile; fileRef = 0A39E4CE19BFBF7500AB9CE0 /* SGAppDelegate.m */; };
		0A39E4D119BFBF7500AB9CE0 /* Images.xcassets in Resources */ = {isa = PBXBuildFile; fileRef = 0A39E4D019BFBF7500AB9CE0 /* Images.xcassets */; };
		0A39E4D819BFBF7500AB9CE0 /* XCTest.framework in Frameworks */ = {isa = PBXBuildFile; fileRef = 0A39E4D719BFBF7500AB9CE0 /* XCTest.framework */; };
		0A39E4D919BFBF7500AB9CE0 /* Foundation.framework in Frameworks */ = {isa = PBXBuildFile; fileRef = 0A39E4BE19BFBF7500AB9CE0 /* Foundation.framework */; };
		0A39E4DA19BFBF7500AB9CE0 /* UIKit.framework in Frameworks */ = {isa = PBXBuildFile; fileRef = 0A39E4C219BFBF7500AB9CE0 /* UIKit.framework */; };
		0A39E4E219BFBF7500AB9CE0 /* InfoPlist.strings in Resources */ = {isa = PBXBuildFile; fileRef = 0A39E4E019BFBF7500AB9CE0 /* InfoPlist.strings */; };
		0A39E4E419BFBF7500AB9CE0 /* ViewTestTests.m in Sources */ = {isa = PBXBuildFile; fileRef = 0A39E4E319BFBF7500AB9CE0 /* ViewTestTests.m */; };
		0A39E4EF19BFC00200AB9CE0 /* SGSimpleView.m in Sources */ = {isa = PBXBuildFile; fileRef = 0A39E4EE19BFC00200AB9CE0 /* SGSimpleView.m */; };
/* End PBXBuildFile section */

/* Begin PBXContainerItemProxy section */
		0A39E4DB19BFBF7500AB9CE0 /* PBXContainerItemProxy */ = {
			isa = PBXContainerItemProxy;
			containerPortal = 0A39E4B319BFBF7400AB9CE0 /* Project object */;
			proxyType = 1;
			remoteGlobalIDString = 0A39E4BA19BFBF7400AB9CE0;
			remoteInfo = ViewTest;
		};
/* End PBXContainerItemProxy section */

/* Begin PBXFileReference section */
		0A39E4BB19BFBF7400AB9CE0 /* ViewTest.app */ = {isa = PBXFileReference; explicitFileType = wrapper.application; includeInIndex = 0; path = ViewTest.app; sourceTree = BUILT_PRODUCTS_DIR; };
		0A39E4BE19BFBF7500AB9CE0 /* Foundation.framework */ = {isa = PBXFileReference; lastKnownFileType = wrapper.framework; name = Foundation.framework; path = System/Library/Frameworks/Foundation.framework; sourceTree = SDKROOT; };
		0A39E4C019BFBF7500AB9CE0 /* CoreGraphics.framework */ = {isa = PBXFileReference; lastKnownFileType = wrapper.framework; name = CoreGraphics.framework; path = System/Library/Frameworks/CoreGraphics.framework; sourceTree = SDKROOT; };
		0A39E4C219BFBF7500AB9CE0 /* UIKit.framework */ = {isa = PBXFileReference; lastKnownFileType = wrapper.framework; name = UIKit.framework; path = System/Library/Frameworks/UIKit.framework; sourceTree = SDKROOT; };
		0A39E4C619BFBF7500AB9CE0 /* ViewTest-Info.plist */ = {isa = PBXFileReference; lastKnownFileType = text.plist.xml; path = "ViewTest-Info.plist"; sourceTree = "<group>"; };
		0A39E4C819BFBF7500AB9CE0 /* en */ = {isa = PBXFileReference; lastKnownFileType = text.plist.strings; name = en; path = en.lproj/InfoPlist.strings; sourceTree = "<group>"; };
		0A39E4CA19BFBF7500AB9CE0 /* main.m */ = {isa = PBXFileReference; lastKnownFileType = sourcecode.c.objc; path = main.m; sourceTree = "<group>"; };
		0A39E4CC19BFBF7500AB9CE0 /* ViewTest-Prefix.pch */ = {isa = PBXFileReference; lastKnownFileType = sourcecode.c.h; path = "ViewTest-Prefix.pch"; sourceTree = "<group>"; };
		0A39E4CD19BFBF7500AB9CE0 /* SGAppDelegate.h */ = {isa = PBXFileReference; lastKnownFileType = sourcecode.c.h; path = SGAppDelegate.h; sourceTree = "<group>"; };
		0A39E4CE19BFBF7500AB9CE0 /* SGAppDelegate.m */ = {isa = PBXFileReference; lastKnownFileType = sourcecode.c.objc; path = SGAppDelegate.m; sourceTree = "<group>"; };
		0A39E4D019BFBF7500AB9CE0 /* Images.xcassets */ = {isa = PBXFileReference; lastKnownFileType = folder.assetcatalog; path = Images.xcassets; sourceTree = "<group>"; };
		0A39E4D619BFBF7500AB9CE0 /* ViewTestTests.xctest */ = {isa = PBXFileReference; explicitFileType = wrapper.cfbundle; includeInIndex = 0; path = ViewTestTests.xctest; sourceTree = BUILT_PRODUCTS_DIR; };
		0A39E4D719BFBF7500AB9CE0 /* XCTest.framework */ = {isa = PBXFileReference; lastKnownFileType = wrapper.framework; name = XCTest.framework; path = Library/Frameworks/XCTest.framework; sourceTree = DEVELOPER_DIR; };
		0A39E4DF19BFBF7500AB9CE0 /* ViewTestTests-Info.plist */ = {isa = PBXFileReference; lastKnownFileType = text.plist.xml; path = "ViewTestTests-Info.plist"; sourceTree = "<group>"; };
		0A39E4E119BFBF7500AB9CE0 /* en */ = {isa = PBXFileReference; lastKnownFileType = text.plist.strings; name = en; path = en.lproj/InfoPlist.strings; sourceTree = "<group>"; };
		0A39E4E319BFBF7500AB9CE0 /* ViewTestTests.m */ = {isa = PBXFileReference; lastKnownFileType = sourcecode.c.objc; path = ViewTestTests.m; sourceTree = "<group>"; };
		0A39E4ED19BFC00200AB9CE0 /* SGSimpleView.h */ = {isa = PBXFileReference; fileEncoding = 4; lastKnownFileType = sourcecode.c.h; path = SGSimpleView.h; sourceTree = "<group>"; };
		0A39E4EE19BFC00200AB9CE0 /* SGSimpleView.m */ = {isa = PBXFileReference; fileEncoding = 4; lastKnownFileType = sourcecode.c.objc; path = SGSimpleView.m; sourceTree = "<group>"; };
/* End PBXFileReference section */

/* Begin PBXFrameworksBuildPhase section */
		0A39E4B819BFBF7400AB9CE0 /* Frameworks */ = {
			isa = PBXFrameworksBuildPhase;
			buildActionMask = 2147483647;
			files = (
				0A39E4C119BFBF7500AB9CE0 /* CoreGraphics.framework in Frameworks */,
				0A39E4C319BFBF7500AB9CE0 /* UIKit.framework in Frameworks */,
				0A39E4BF19BFBF7500AB9CE0 /* Foundation.framework in Frameworks */,
			);
			runOnlyForDeploymentPostprocessing = 0;
		};
		0A39E4D319BFBF7500AB9CE0 /* Frameworks */ = {
			isa = PBXFrameworksBuildPhase;
			buildActionMask = 2147483647;
			files = (
				0A39E4D819BFBF7500AB9CE0 /* XCTest.framework in Frameworks */,
				0A39E4DA19BFBF7500AB9CE0 /* UIKit.framework in Frameworks */,
				0A39E4D919BFBF7500AB9CE0 /* Foundation.framework in Frameworks */,
			);
			runOnlyForDeploymentPostprocessing = 0;
		};
/* End PBXFrameworksBuildPhase section */

/* Begin PBXGroup section */
		0A39E4B219BFBF7400AB9CE0 = {
			isa = PBXGroup;
			children = (
				0A39E4C419BFBF7500AB9CE0 /* ViewTest */,
				0A39E4DD19BFBF7500AB9CE0 /* ViewTestTests */,
				0A39E4BD19BFBF7400AB9CE0 /* Frameworks */,
				0A39E4BC19BFBF7400AB9CE0 /* Products */,
			);
			sourceTree = "<group>";
		};
		0A39E4BC19BFBF7400AB9CE0 /* Products */ = {
			isa = PBXGroup;
			children = (
				0A39E4BB19BFBF7400AB9CE0 /* ViewTest.app */,
				0A39E4D619BFBF7500AB9CE0 /* ViewTestTests.xctest */,
			);
			name = Products;
			sourceTree = "<group>";
		};
		0A39E4BD19BFBF7400AB9CE0 /* Frameworks */ = {
			isa = PBXGroup;
			children = (
				0A39E4BE19BFBF7500AB9CE0 /* Foundation.framework */,
				0A39E4C019BFBF7500AB9CE0 /* CoreGraphics.framework */,
				0A39E4C219BFBF7500AB9CE0 /* UIKit.framework */,
				0A39E4D719BFBF7500AB9CE0 /* XCTest.framework */,
			);
			name = Frameworks;
			sourceTree = "<group>";
		};
		0A39E4C419BFBF7500AB9CE0 /* ViewTest */ = {
			isa = PBXGroup;
			children = (
				0A39E4CD19BFBF7500AB9CE0 /* SGAppDelegate.h */,
				0A39E4CE19BFBF7500AB9CE0 /* SGAppDelegate.m */,
				0A39E4ED19BFC00200AB9CE0 /* SGSimpleView.h */,
				0A39E4EE19BFC00200AB9CE0 /* SGSimpleView.m */,
				0A39E4D019BFBF7500AB9CE0 /* Images.xcassets */,
				0A39E4C519BFBF7500AB9CE0 /* Supporting Files */,
			);
			path = ViewTest;
			sourceTree = "<group>";
		};
		0A39E4C519BFBF7500AB9CE0 /* Supporting Files */ = {
			isa = PBXGroup;
			children = (
				0A39E4C619BFBF7500AB9CE0 /* ViewTest-Info.plist */,
				0A39E4C719BFBF7500AB9CE0 /* InfoPlist.strings */,
				0A39E4CA19BFBF7500AB9CE0 /* main.m */,
				0A39E4CC19BFBF7500AB9CE0 /* ViewTest-Prefix.pch */,
			);
			name = "Supporting Files";
			sourceTree = "<group>";
		};
		0A39E4DD19BFBF7500AB9CE0 /* ViewTestTests */ = {
			isa = PBXGroup;
			children = (
				0A39E4E319BFBF7500AB9CE0 /* ViewTestTests.m */,
				0A39E4DE19BFBF7500AB9CE0 /* Supporting Files */,
			);
			path = ViewTestTests;
			sourceTree = "<group>";
		};
		0A39E4DE19BFBF7500AB9CE0 /* Supporting Files */ = {
			isa = PBXGroup;
			children = (
				0A39E4DF19BFBF7500AB9CE0 /* ViewTestTests-Info.plist */,
				0A39E4E019BFBF7500AB9CE0 /* InfoPlist.strings */,
			);
			name = "Supporting Files";
			sourceTree = "<group>";
		};
/* End PBXGroup section */

/* Begin PBXNativeTarget section */
		0A39E4BA19BFBF7400AB9CE0 /* ViewTest */ = {
			isa = PBXNativeTarget;
			buildConfigurationList = 0A39E4E719BFBF7500AB9CE0 /* Build configuration list for PBXNativeTarget "ViewTest" */;
			buildPhases = (
				0A39E4B719BFBF7400AB9CE0 /* Sources */,
				0A39E4B819BFBF7400AB9CE0 /* Frameworks */,
				0A39E4B919BFBF7400AB9CE0 /* Resources */,
			);
			buildRules = (
			);
			dependencies = (
			);
			name = ViewTest;
			productName = ViewTest;
			productReference = 0A39E4BB19BFBF7400AB9CE0 /* ViewTest.app */;
			productType = "com.apple.product-type.application";
		};
		0A39E4D519BFBF7500AB9CE0 /* ViewTestTests */ = {
			isa = PBXNativeTarget;
			buildConfigurationList = 0A39E4EA19BFBF7500AB9CE0 /* Build configuration list for PBXNativeTarget "ViewTestTests" */;
			buildPhases = (
				0A39E4D219BFBF7500AB9CE0 /* Sources */,
				0A39E4D319BFBF7500AB9CE0 /* Frameworks */,
				0A39E4D419BFBF7500AB9CE0 /* Resources */,
			);
			buildRules = (
			);
			dependencies = (
				0A39E4DC19BFBF7500AB9CE0 /* PBXTargetDependency */,
			);
			name = ViewTestTests;
			productName = ViewTestTests;
			productReference = 0A39E4D619BFBF7500AB9CE0 /* ViewTestTests.xctest */;
			productType = "com.apple.product-type.bundle.unit-test";
		};
/* End PBXNativeTarget section */

/* Begin PBXProject section */
		0A39E4B319BFBF7400AB9CE0 /* Project object */ = {
			isa = PBXProject;
			attributes = {
				CLASSPREFIX = SG;
				LastUpgradeCheck = 0510;
				ORGANIZATIONNAME = "Sarah Gilkinson";
				TargetAttributes = {
					0A39E4D519BFBF7500AB9CE0 = {
						TestTargetID = 0A39E4BA19BFBF7400AB9CE0;
					};
				};
			};
			buildConfigurationList = 0A39E4B619BFBF7400AB9CE0 /* Build configuration list for PBXProject "ViewTest" */;
			compatibilityVersion = "Xcode 3.2";
			developmentRegion = English;
			hasScannedForEncodings = 0;
			knownRegions = (
				en,
			);
			mainGroup = 0A39E4B219BFBF7400AB9CE0;
			productRefGroup = 0A39E4BC19BFBF7400AB9CE0 /* Products */;
			projectDirPath = "";
			projectRoot = "";
			targets = (
				0A39E4BA19BFBF7400AB9CE0 /* ViewTest */,
				0A39E4D519BFBF7500AB9CE0 /* ViewTestTests */,
			);
		};
/* End PBXProject section */

/* Begin PBXResourcesBuildPhase section */
		0A39E4B919BFBF7400AB9CE0 /* Resources */ = {
			isa = PBXResourcesBuildPhase;
			buildActionMask = 2147483647;
			files = (
				0A39E4C919BFBF7500AB9CE0 /* InfoPlist.strings in Resources */,
				0A39E4D119BFBF7500AB9CE0 /* Images.xcassets in Resources */,
			);
			runOnlyForDeploymentPostprocessing = 0;
		};
		0A39E4D419BFBF7500AB9CE0 /* Resources */ = {
			isa = PBXResourcesBuildPhase;
			buildActionMask = 2147483647;
			files = (
				0A39E4E219BFBF7500AB9CE0 /* InfoPlist.strings in Resources */,
			);
			runOnlyForDeploymentPostprocessing = 0;
		};
/* End PBXResourcesBuildPhase section */

/* Begin PBXSourcesBuildPhase section */
		0A39E4B719BFBF7400AB9CE0 /* Sources */ = {
			isa = PBXSourcesBuildPhase;
			buildActionMask = 2147483647;
			files = (
				0A39E4CF19BFBF7500AB9CE0 /* SGAppDelegate.m in Sources */,
				0A39E4EF19BFC00200AB9CE0 /* SGSimpleView.m in Sources */,
				0A39E4CB19BFBF7500AB9CE0 /* main.m in Sources */,
			);
			runOnlyForDeploymentPostprocessing = 0;
		};
		0A39E4D219BFBF7500AB9CE0 /* Sources */ = {
			isa = PBXSourcesBuildPhase;
			buildActionMask = 2147483647;
			files = (
				0A39E4E419BFBF7500AB9CE0 /* ViewTestTests.m in Sources */,
			);
			runOnlyForDeploymentPostprocessing = 0;
		};
/* End PBXSourcesBuildPhase section */

/* Begin PBXTargetDependency section */
		0A39E4DC19BFBF7500AB9CE0 /* PBXTargetDependency */ = {
			isa = PBXTargetDependency;
			target = 0A39E4BA19BFBF7400AB9CE0 /* ViewTest */;
			targetProxy = 0A39E4DB19BFBF7500AB9CE0 /* PBXContainerItemProxy */;
		};
/* End PBXTargetDependency section */

/* Begin PBXVariantGroup section */
		0A39E4C719BFBF7500AB9CE0 /* InfoPlist.strings */ = {
			isa = PBXVariantGroup;
			children = (
				0A39E4C819BFBF7500AB9CE0 /* en */,
			);
			name = InfoPlist.strings;
			sourceTree = "<group>";
		};
		0A39E4E019BFBF7500AB9CE0 /* InfoPlist.strings */ = {
			isa = PBXVariantGroup;
			children = (
				0A39E4E119BFBF7500AB9CE0 /* en */,
			);
			name = InfoPlist.strings;
			sourceTree = "<group>";
		};
/* End PBXVariantGroup section */

/* Begin XCBuildConfiguration section */
		0A39E4E519BFBF7500AB9CE0 /* Debug */ = {
			isa = XCBuildConfiguration;
			buildSettings = {
				ALWAYS_SEARCH_USER_PATHS = NO;
				CLANG_CXX_LANGUAGE_STANDARD = "gnu++0x";
				CLANG_CXX_LIBRARY = "libc++";
				CLANG_ENABLE_MODULES = YES;
				CLANG_ENABLE_OBJC_ARC = YES;
				CLANG_WARN_BOOL_CONVERSION = YES;
				CLANG_WARN_CONSTANT_CONVERSION = YES;
				CLANG_WARN_DIRECT_OBJC_ISA_USAGE = YES_ERROR;
				CLANG_WARN_EMPTY_BODY = YES;
				CLANG_WARN_ENUM_CONVERSION = YES;
				CLANG_WARN_INT_CONVERSION = YES;
				CLANG_WARN_OBJC_ROOT_CLASS = YES_ERROR;
				CLANG_WARN__DUPLICATE_METHOD_MATCH = YES;
				"CODE_SIGN_IDENTITY[sdk=iphoneos*]" = "iPhone Developer";
				COPY_PHASE_STRIP = NO;
				GCC_C_LANGUAGE_STANDARD = gnu99;
				GCC_DYNAMIC_NO_PIC = NO;
				GCC_OPTIMIZATION_LEVEL = 0;
				GCC_PREPROCESSOR_DEFINITIONS = (
					"DEBUG=1",
					"$(inherited)",
				);
				GCC_SYMBOLS_PRIVATE_EXTERN = NO;
				GCC_WARN_64_TO_32_BIT_CONVERSION = YES;
				GCC_WARN_ABOUT_RETURN_TYPE = YES_ERROR;
				GCC_WARN_UNDECLARED_SELECTOR = YES;
				GCC_WARN_UNINITIALIZED_AUTOS = YES_AGGRESSIVE;
				GCC_WARN_UNUSED_FUNCTION = YES;
				GCC_WARN_UNUSED_VARIABLE = YES;
				IPHONEOS_DEPLOYMENT_TARGET = 7.1;
				ONLY_ACTIVE_ARCH = YES;
				SDKROOT = iphoneos;
			};
			name = Debug;
		};
		0A39E4E619BFBF7500AB9CE0 /* Release */ = {
			isa = XCBuildConfiguration;
			buildSettings = {
				ALWAYS_SEARCH_USER_PATHS = NO;
				CLANG_CXX_LANGUAGE_STANDARD = "gnu++0x";
				CLANG_CXX_LIBRARY = "libc++";
				CLANG_ENABLE_MODULES = YES;
				CLANG_ENABLE_OBJC_ARC = YES;
				CLANG_WARN_BOOL_CONVERSION = YES;
				CLANG_WARN_CONSTANT_CONVERSION = YES;
				CLANG_WARN_DIRECT_OBJC_ISA_USAGE = YES_ERROR;
				CLANG_WARN_EMPTY_BODY = YES;
				CLANG_WARN_ENUM_CONVERSION = YES;
				CLANG_WARN_INT_CONVERSION = YES;
				CLANG_WARN_OBJC_ROOT_CLASS = YES_ERROR;
				CLANG_WARN__DUPLICATE_METHOD_MATCH = YES;
				"CODE_SIGN_IDENTITY[sdk=iphoneos*]" = "iPhone Developer";
				COPY_PHASE_STRIP = YES;
				ENABLE_NS_ASSERTIONS = NO;
				GCC_C_LANGUAGE_STANDARD = gnu99;
				GCC_WARN_64_TO_32_BIT_CONVERSION = YES;
				GCC_WARN_ABOUT_RETURN_TYPE = YES_ERROR;
				GCC_WARN_UNDECLARED_SELECTOR = YES;
				GCC_WARN_UNINITIALIZED_AUTOS = YES_AGGRESSIVE;
				GCC_WARN_UNUSED_FUNCTION = YES;
				GCC_WARN_UNUSED_VARIABLE = YES;
				IPHONEOS_DEPLOYMENT_TARGET = 7.1;
				SDKROOT = iphoneos;
				VALIDATE_PRODUCT = YES;
			};
			name = Release;
		};
		0A39E4E819BFBF7500AB9CE0 /* Debug */ = {
			isa = XCBuildConfiguration;
			buildSettings = {
				ASSETCATALOG_COMPILER_APPICON_NAME = AppIcon;
				ASSETCATALOG_COMPILER_LAUNCHIMAGE_NAME = LaunchImage;
				GCC_PRECOMPILE_PREFIX_HEADER = YES;
				GCC_PREFIX_HEADER = "ViewTest/ViewTest-Prefix.pch";
				INFOPLIST_FILE = "ViewTest/ViewTest-Info.plist";
				PRODUCT_NAME = "$(TARGET_NAME)";
				WRAPPER_EXTENSION = app;
			};
			name = Debug;
		};
		0A39E4E919BFBF7500AB9CE0 /* Release */ = {
			isa = XCBuildConfiguration;
			buildSettings = {
				ASSETCATALOG_COMPILER_APPICON_NAME = AppIcon;
				ASSETCATALOG_COMPILER_LAUNCHIMAGE_NAME = LaunchImage;
				GCC_PRECOMPILE_PREFIX_HEADER = YES;
				GCC_PREFIX_HEADER = "ViewTest/ViewTest-Prefix.pch";
				INFOPLIST_FILE = "ViewTest/ViewTest-Info.plist";
				PRODUCT_NAME = "$(TARGET_NAME)";
				WRAPPER_EXTENSION = app;
			};
			name = Release;
		};
		0A39E4EB19BFBF7500AB9CE0 /* Debug */ = {
			isa = XCBuildConfiguration;
			buildSettings = {
				BUNDLE_LOADER = "$(BUILT_PRODUCTS_DIR)/ViewTest.app/ViewTest";
				FRAMEWORK_SEARCH_PATHS = (
					"$(SDKROOT)/Developer/Library/Frameworks",
					"$(inherited)",
					"$(DEVELOPER_FRAMEWORKS_DIR)",
				);
				GCC_PRECOMPILE_PREFIX_HEADER = YES;
				GCC_PREFIX_HEADER = "ViewTest/ViewTest-Prefix.pch";
				GCC_PREPROCESSOR_DEFINITIONS = (
					"DEBUG=1",
					"$(inherited)",
				);
				INFOPLIST_FILE = "ViewTestTests/ViewTestTests-Info.plist";
				PRODUCT_NAME = "$(TARGET_NAME)";
				TEST_HOST = "$(BUNDLE_LOADER)";
				WRAPPER_EXTENSION = xctest;
			};
			name = Debug;
		};
		0A39E4EC19BFBF7500AB9CE0 /* Release */ = {
			isa = XCBuildConfiguration;
			buildSettings = {
				BUNDLE_LOADER = "$(BUILT_PRODUCTS_DIR)/ViewTest.app/ViewTest";
				FRAMEWORK_SEARCH_PATHS = (
					"$(SDKROOT)/Developer/Library/Frameworks",
					"$(inherited)",
					"$(DEVELOPER_FRAMEWORKS_DIR)",
				);
				GCC_PRECOMPILE_PREFIX_HEADER = YES;
				GCC_PREFIX_HEADER = "ViewTest/ViewTest-Prefix.pch";
				INFOPLIST_FILE = "ViewTestTests/ViewTestTests-Info.plist";
				PRODUCT_NAME = "$(TARGET_NAME)";
				TEST_HOST = "$(BUNDLE_LOADER)";
				WRAPPER_EXTENSION = xctest;
			};
			name = Release;
		};
/* End XCBuildConfiguration section */

/* Begin XCConfigurationList section */
		0A39E4B619BFBF7400AB9CE0 /* Build configuration list for PBXProject "ViewTest" */ = {
			isa = XCConfigurationList;
			buildConfigurations = (
				0A39E4E519BFBF7500AB9CE0 /* Debug */,
				0A39E4E619BFBF7500AB9CE0 /* Release */,
			);
			defaultConfigurationIsVisible = 0;
			defaultConfigurationName = Release;
		};
		0A39E4E719BFBF7500AB9CE0 /* Build configuration list for PBXNativeTarget "ViewTest" */ = {
			isa = XCConfigurationList;
			buildConfigurations = (
				0A39E4E819BFBF7500AB9CE0 /* Debug */,
				0A39E4E919BFBF7500AB9CE0 /* Release */,
			);
			defaultConfigurationIsVisible = 0;
		};
		0A39E4EA19BFBF7500AB9CE0 /* Build configuration list for PBXNativeTarget "ViewTestTests" */ = {
			isa = XCConfigurationList;
			buildConfigurations = (
				0A39E4EB19BFBF7500AB9CE0 /* Debug */,
				0A39E4EC19BFBF7500AB9CE0 /* Release */,
			);
			defaultConfigurationIsVisible = 0;
		};
/* End XCConfigurationList section */
	};
	rootObject = 0A39E4B319BFBF7400AB9CE0 /* Project object */;
}
